<?xml version="1.0" encoding="utf-8"?>
<Project ToolsVersion="4.0" xmlns="http://schemas.microsoft.com/developer/msbuild/2003">
  <ItemGroup>
    <ClCompile Include="mainwindow.cpp">
      <Filter>Source</Filter>
    </ClCompile>
    <ClCompile Include="glwidget.cpp">
      <Filter>Source</Filter>
    </ClCompile>
    <ClCompile Include="main.cpp">
      <Filter>Source</Filter>
    </ClCompile>
    <ClCompile Include="GeneratedFiles\Release\moc_glwidget.cpp">
      <Filter>Other</Filter>
    </ClCompile>
    <ClCompile Include="GeneratedFiles\Debug\moc_glwidget.cpp">
      <Filter>Other</Filter>
    </ClCompile>
    <ClCompile Include="GeneratedFiles\Debug\moc_mainwindow.cpp">
      <Filter>Other</Filter>
    </ClCompile>
    <ClCompile Include="GeneratedFiles\qrc_mainwindow.cpp">
      <Filter>Other</Filter>
    </ClCompile>
    <ClCompile Include="GeneratedFiles\Release\moc_mainwindow.cpp">
      <Filter>Other</Filter>
    </ClCompile>
  </ItemGroup>
  <ItemGroup>
    <CustomBuild Include="glwidget.h">
      <Filter>Header</Filter>
    </CustomBuild>
    <CustomBuild Include="mainwindow.h">
      <Filter>Header</Filter>
    </CustomBuild>
    <CustomBuild Include="mainwindow.qrc">
      <Filter>ui</Filter>
    </CustomBuild>
    <CustomBuild Include="mainwindow.ui">
      <Filter>ui</Filter>
    </CustomBuild>
  </ItemGroup>
  <ItemGroup>
    <None Include="axis.frag">
      <Filter>Shader</Filter>
    </None>
    <None Include="axis.vert">
      <Filter>Shader</Filter>
    </None>
    <None Include="grid.vert">
      <Filter>Shader</Filter>
    </None>
    <None Include="grid.frag">
      <Filter>Shader</Filter>
    </None>
    <None Include="triangle.frag">
      <Filter>Shader</Filter>
    </None>
    <None Include="triangle.vert">
      <Filter>Shader</Filter>
    </None>
  </ItemGroup>
  <ItemGroup>
    <Filter Include="Header">
      <UniqueIdentifier>{e4069cc8-32e3-4374-9416-6a85d5d2728a}</UniqueIdentifier>
    </Filter>
    <Filter Include="Source">
      <UniqueIdentifier>{b8ec9040-572b-4801-979e-0517cae82a88}</UniqueIdentifier>
    </Filter>
    <Filter Include="Shader">
      <UniqueIdentifier>{26e25d4d-c3d4-4463-bc78-c573c0dbb19b}</UniqueIdentifier>
    </Filter>
    <Filter Include="ui">
      <UniqueIdentifier>{a76c0be0-9e05-4a6b-8ce6-7afe600654e5}</UniqueIdentifier>
    </Filter>
    <Filter Include="Other">
      <UniqueIdentifier>{dceee169-75cd-4cd0-bc86-a6692de1154e}</UniqueIdentifier>
    </Filter>
  </ItemGroup>
  <ItemGroup>
    <ClInclude Include="GeneratedFiles\ui_mainwindow.h">
      <Filter>Other</Filter>
    </ClInclude>
  </ItemGroup>
</Project>